// !$*UTF8*$!
{
	archiveVersion = 1;
	classes = {
	};
	objectVersion = 77;
	objects = {

/* Begin PBXBuildFile section */
		5A1C1A1E000000000000000E /* UncialCore in Frameworks */ = {isa = PBXBuildFile; productRef = 5A1C1A1E000000000000000C /* UncialCore */; };
		5A1C1A1E000000000000000F /* UncialCore in Frameworks */ = {isa = PBXBuildFile; productRef = 5A1C1A1E000000000000000D /* UncialCore */; };
		5A1C1A1E0000000000000013 /* UncialQuickLook.appex in Embed Foundation Extensions */ = {isa = PBXBuildFile; fileRef = 5A1C1A1E0000000000000001 /* UncialQuickLook.appex */; settings = {ATTRIBUTES = (RemoveHeadersOnCopy, ); }; };
		5A1C1A1E000000000000002B /* UncialCore in Frameworks */ = {isa = PBXBuildFile; productRef = 5A1C1A1E000000000000002A /* UncialCore */; };
		5A1C1A1E000000000000002E /* UncialThumbnail.appex in Embed Foundation Extensions */ = {isa = PBXBuildFile; fileRef = 5A1C1A1E0000000000000020 /* UncialThumbnail.appex */; settings = {ATTRIBUTES = (RemoveHeadersOnCopy, ); }; };
/* End PBXBuildFile section */

/* Begin PBXContainerItemProxy section */
		22DDDE1F304C355000A461AF /* PBXContainerItemProxy */ = {
			isa = PBXContainerItemProxy;
			containerPortal = 22DDDE06304C354F00A461AF /* Project object */;
			proxyType = 1;
			remoteGlobalIDString = 22DDDE0D304C354F00A461AF;
			remoteInfo = uncial;
		};
		22DDDE29304C355000A461AF /* PBXContainerItemProxy */ = {
			isa = PBXContainerItemProxy;
			containerPortal = 22DDDE06304C354F00A461AF /* Project object */;
			proxyType = 1;
			remoteGlobalIDString = 22DDDE0D304C354F00A461AF;
			remoteInfo = uncial;
		};
		5A1C1A1E0000000000000010 /* PBXContainerItemProxy */ = {
			isa = PBXContainerItemProxy;
			containerPortal = 22DDDE06304C354F00A461AF /* Project object */;
			proxyType = 1;
			remoteGlobalIDString = 5A1C1A1E0000000000000004;
			remoteInfo = UncialQuickLook;
		};
		5A1C1A1E000000000000002C /* PBXContainerItemProxy */ = {
			isa = PBXContainerItemProxy;
			containerPortal = 22DDDE06304C354F00A461AF /* Project object */;
			proxyType = 1;
			remoteGlobalIDString = 5A1C1A1E0000000000000023;
			remoteInfo = UncialThumbnail;
		};
/* End PBXContainerItemProxy section */

/* Begin PBXCopyFilesBuildPhase section */
		5A1C1A1E0000000000000012 /* Embed Foundation Extensions */ = {
			isa = PBXCopyFilesBuildPhase;
			buildActionMask = 2147483647;
			dstPath = "";
			dstSubfolderSpec = 13;
			files = (
				5A1C1A1E0000000000000013 /* UncialQuickLook.appex in Embed Foundation Extensions */,
				5A1C1A1E000000000000002E /* UncialThumbnail.appex in Embed Foundation Extensions */,
			);
			name = "Embed Foundation Extensions";
			runOnlyForDeploymentPostprocessing = 0;
		};
/* End PBXCopyFilesBuildPhase section */

/* Begin PBXFileReference section */
		22DDDE0E304C354F00A461AF /* Uncial.app */ = {isa = PBXFileReference; explicitFileType = wrapper.application; includeInIndex = 0; path = Uncial.app; sourceTree = BUILT_PRODUCTS_DIR; };
		22DDDE1E304C355000A461AF /* uncialTests.xctest */ = {isa = PBXFileReference; explicitFileType = wrapper.cfbundle; includeInIndex = 0; path = uncialTests.xctest; sourceTree = BUILT_PRODUCTS_DIR; };
		22DDDE28304C355000A461AF /* uncialUITests.xctest */ = {isa = PBXFileReference; explicitFileType = wrapper.cfbundle; includeInIndex = 0; path = uncialUITests.xctest; sourceTree = BUILT_PRODUCTS_DIR; };
		5A1C1A1E0000000000000001 /* UncialQuickLook.appex */ = {isa = PBXFileReference; explicitFileType = "wrapper.app-extension"; includeInIndex = 0; path = UncialQuickLook.appex; sourceTree = BUILT_PRODUCTS_DIR; };
		5A1C1A1E0000000000000020 /* UncialThumbnail.appex */ = {isa = PBXFileReference; explicitFileType = "wrapper.app-extension"; includeInIndex = 0; path = UncialThumbnail.appex; sourceTree = BUILT_PRODUCTS_DIR; };
/* End PBXFileReference section */

/* Begin PBXFileSystemSynchronizedBuildFileExceptionSet section */
		22DDDE30304C355000A461AF /* Exceptions for "uncial" folder in "uncial" target */ = {
			isa = PBXFileSystemSynchronizedBuildFileExceptionSet;
			membershipExceptions = (
				Info.plist,
			);
			target = 22DDDE0D304C354F00A461AF /* uncial */;
		};
		5A1C1A1E0000000000000003 /* Exceptions for "UncialQuickLook" folder in "UncialQuickLook" target */ = {
			isa = PBXFileSystemSynchronizedBuildFileExceptionSet;
			membershipExceptions = (
				Info.plist,
			);
			target = 5A1C1A1E0000000000000004 /* UncialQuickLook */;
		};
		5A1C1A1E0000000000000022 /* Exceptions for "UncialThumbnail" folder in "UncialThumbnail" target */ = {
			isa = PBXFileSystemSynchronizedBuildFileExceptionSet;
			membershipExceptions = (
				Info.plist,
			);
			target = 5A1C1A1E0000000000000023 /* UncialThumbnail */;
		};
/* End PBXFileSystemSynchronizedBuildFileExceptionSet section */

/* Begin PBXFileSystemSynchronizedGroupBuildPhaseMembershipExceptionSet section */
		5A1C1A1E000000000000002F /* Exceptions for "UncialThumbnail" folder in "Sources" build phase from "uncialTests" target */ = {
			isa = PBXFileSystemSynchronizedGroupBuildPhaseMembershipExceptionSet;
			buildPhase = 22DDDE1A304C355000A461AF /* Sources */;
			membershipExceptions = (
				ThumbnailPage.swift,
			);
		};
/* End PBXFileSystemSynchronizedGroupBuildPhaseMembershipExceptionSet section */

/* Begin PBXFileSystemSynchronizedRootGroup section */
		22DDDE10304C354F00A461AF /* uncial */ = {
			isa = PBXFileSystemSynchronizedRootGroup;
			exceptions = (
				22DDDE30304C355000A461AF /* Exceptions for "uncial" folder in "uncial" target */,
			);
			path = uncial;
			sourceTree = "<group>";
		};
		22DDDE21304C355000A461AF /* uncialTests */ = {
			isa = PBXFileSystemSynchronizedRootGroup;
			path = uncialTests;
			sourceTree = "<group>";
		};
		22DDDE2B304C355000A461AF /* uncialUITests */ = {
			isa = PBXFileSystemSynchronizedRootGroup;
			path = uncialUITests;
			sourceTree = "<group>";
		};
		5A1C1A1E0000000000000002 /* UncialQuickLook */ = {
			isa = PBXFileSystemSynchronizedRootGroup;
			exceptions = (
				5A1C1A1E0000000000000003 /* Exceptions for "UncialQuickLook" folder in "UncialQuickLook" target */,
			);
			path = UncialQuickLook;
			sourceTree = "<group>";
		};
		5A1C1A1E0000000000000021 /* UncialThumbnail */ = {
			isa = PBXFileSystemSynchronizedRootGroup;
			exceptions = (
				5A1C1A1E0000000000000022 /* Exceptions for "UncialThumbnail" folder in "UncialThumbnail" target */,
				5A1C1A1E000000000000002F /* Exceptions for "UncialThumbnail" folder in "Sources" build phase from "uncialTests" target */,
			);
			path = UncialThumbnail;
			sourceTree = "<group>";
		};
/* End PBXFileSystemSynchronizedRootGroup section */

/* Begin PBXFrameworksBuildPhase section */
		22DDDE0B304C354F00A461AF /* Frameworks */ = {
			isa = PBXFrameworksBuildPhase;
			buildActionMask = 2147483647;
			files = (
				5A1C1A1E000000000000000E /* UncialCore in Frameworks */,
			);
			runOnlyForDeploymentPostprocessing = 0;
		};
		22DDDE1B304C355000A461AF /* Frameworks */ = {
			isa = PBXFrameworksBuildPhase;
			buildActionMask = 2147483647;
			files = (
			);
			runOnlyForDeploymentPostprocessing = 0;
		};
		22DDDE25304C355000A461AF /* Frameworks */ = {
			isa = PBXFrameworksBuildPhase;
			buildActionMask = 2147483647;
			files = (
			);
			runOnlyForDeploymentPostprocessing = 0;
		};
		5A1C1A1E0000000000000007 /* Frameworks */ = {
			isa = PBXFrameworksBuildPhase;
			buildActionMask = 2147483647;
			files = (
				5A1C1A1E000000000000000F /* UncialCore in Frameworks */,
			);
			runOnlyForDeploymentPostprocessing = 0;
		};
		5A1C1A1E0000000000000026 /* Frameworks */ = {
			isa = PBXFrameworksBuildPhase;
			buildActionMask = 2147483647;
			files = (
				5A1C1A1E000000000000002B /* UncialCore in Frameworks */,
			);
			runOnlyForDeploymentPostprocessing = 0;
		};
/* End PBXFrameworksBuildPhase section */

/* Begin PBXGroup section */
		22DDDE05304C354F00A461AF = {
			isa = PBXGroup;
			children = (
				22DDDE10304C354F00A461AF /* uncial */,
				22DDDE21304C355000A461AF /* uncialTests */,
				22DDDE2B304C355000A461AF /* uncialUITests */,
				5A1C1A1E0000000000000002 /* UncialQuickLook */,
				5A1C1A1E0000000000000021 /* UncialThumbnail */,
				22DDDE0F304C354F00A461AF /* Products */,
			);
			sourceTree = "<group>";
		};
		22DDDE0F304C354F00A461AF /* Products */ = {
			isa = PBXGroup;
			children = (
				22DDDE0E304C354F00A461AF /* Uncial.app */,
				22DDDE1E304C355000A461AF /* uncialTests.xctest */,
				22DDDE28304C355000A461AF /* uncialUITests.xctest */,
				5A1C1A1E0000000000000001 /* UncialQuickLook.appex */,
				5A1C1A1E0000000000000020 /* UncialThumbnail.appex */,
			);
			name = Products;
			sourceTree = "<group>";
		};
/* End PBXGroup section */

/* Begin PBXNativeTarget section */
		22DDDE0D304C354F00A461AF /* uncial */ = {
			isa = PBXNativeTarget;
			buildConfigurationList = 22DDDE31304C355000A461AF /* Build configuration list for PBXNativeTarget "uncial" */;
			buildPhases = (
				22DDDE0A304C354F00A461AF /* Sources */,
				22DDDE0B304C354F00A461AF /* Frameworks */,
				22DDDE0C304C354F00A461AF /* Resources */,
				5A1C1A1E0000000000000012 /* Embed Foundation Extensions */,
			);
			buildRules = (
			);
			dependencies = (
				5A1C1A1E0000000000000011 /* PBXTargetDependency */,
				5A1C1A1E000000000000002D /* PBXTargetDependency */,
			);
			fileSystemSynchronizedGroups = (
				22DDDE10304C354F00A461AF /* uncial */,
			);
			name = uncial;
			packageProductDependencies = (
				5A1C1A1E000000000000000C /* UncialCore */,
			);
			productName = uncial;
			productReference = 22DDDE0E304C354F00A461AF /* Uncial.app */;
			productType = "com.apple.product-type.application";
		};
		22DDDE1D304C355000A461AF /* uncialTests */ = {
			isa = PBXNativeTarget;
			buildConfigurationList = 22DDDE36304C355000A461AF /* Build configuration list for PBXNativeTarget "uncialTests" */;
			buildPhases = (
				22DDDE1A304C355000A461AF /* Sources */,
				22DDDE1B304C355000A461AF /* Frameworks */,
				22DDDE1C304C355000A461AF /* Resources */,
			);
			buildRules = (
			);
			dependencies = (
				22DDDE20304C355000A461AF /* PBXTargetDependency */,
			);
			fileSystemSynchronizedGroups = (
				22DDDE21304C355000A461AF /* uncialTests */,
			);
			name = uncialTests;
			packageProductDependencies = (
			);
			productName = uncialTests;
			productReference = 22DDDE1E304C355000A461AF /* uncialTests.xctest */;
			productType = "com.apple.product-type.bundle.unit-test";
		};
		22DDDE27304C355000A461AF /* uncialUITests */ = {
			isa = PBXNativeTarget;
			buildConfigurationList = 22DDDE39304C355000A461AF /* Build configuration list for PBXNativeTarget "uncialUITests" */;
			buildPhases = (
				22DDDE24304C355000A461AF /* Sources */,
				22DDDE25304C355000A461AF /* Frameworks */,
				22DDDE26304C355000A461AF /* Resources */,
			);
			buildRules = (
			);
			dependencies = (
				22DDDE2A304C355000A461AF /* PBXTargetDependency */,
			);
			fileSystemSynchronizedGroups = (
				22DDDE2B304C355000A461AF /* uncialUITests */,
			);
			name = uncialUITests;
			packageProductDependencies = (
			);
			productName = uncialUITests;
			productReference = 22DDDE28304C355000A461AF /* uncialUITests.xctest */;
			productType = "com.apple.product-type.bundle.ui-testing";
		};
		5A1C1A1E0000000000000004 /* UncialQuickLook */ = {
			isa = PBXNativeTarget;
			buildConfigurationList = 5A1C1A1E0000000000000005 /* Build configuration list for PBXNativeTarget "UncialQuickLook" */;
			buildPhases = (
				5A1C1A1E0000000000000006 /* Sources */,
				5A1C1A1E0000000000000007 /* Frameworks */,
				5A1C1A1E0000000000000008 /* Resources */,
			);
			buildRules = (
			);
			dependencies = (
			);
			fileSystemSynchronizedGroups = (
				5A1C1A1E0000000000000002 /* UncialQuickLook */,
			);
			name = UncialQuickLook;
			packageProductDependencies = (
				5A1C1A1E000000000000000D /* UncialCore */,
			);
			productName = UncialQuickLook;
			productReference = 5A1C1A1E0000000000000001 /* UncialQuickLook.appex */;
			productType = "com.apple.product-type.app-extension";
		};
		5A1C1A1E0000000000000023 /* UncialThumbnail */ = {
			isa = PBXNativeTarget;
			buildConfigurationList = 5A1C1A1E0000000000000024 /* Build configuration list for PBXNativeTarget "UncialThumbnail" */;
			buildPhases = (
				5A1C1A1E0000000000000025 /* Sources */,
				5A1C1A1E0000000000000026 /* Frameworks */,
				5A1C1A1E0000000000000027 /* Resources */,
			);
			buildRules = (
			);
			dependencies = (
			);
			fileSystemSynchronizedGroups = (
				5A1C1A1E0000000000000021 /* UncialThumbnail */,
			);
			name = UncialThumbnail;
			packageProductDependencies = (
				5A1C1A1E000000000000002A /* UncialCore */,
			);
			productName = UncialThumbnail;
			productReference = 5A1C1A1E0000000000000020 /* UncialThumbnail.appex */;
			productType = "com.apple.product-type.app-extension";
		};
/* End PBXNativeTarget section */

/* Begin PBXProject section */
		22DDDE06304C354F00A461AF /* Project object */ = {
			isa = PBXProject;
			attributes = {
				BuildIndependentTargetsInParallel = 1;
				LastSwiftUpdateCheck = 2660;
				LastUpgradeCheck = 2660;
				TargetAttributes = {
					22DDDE0D304C354F00A461AF = {
						CreatedOnToolsVersion = 26.6;
					};
					22DDDE1D304C355000A461AF = {
						CreatedOnToolsVersion = 26.6;
						TestTargetID = 22DDDE0D304C354F00A461AF;
					};
					22DDDE27304C355000A461AF = {
						CreatedOnToolsVersion = 26.6;
						TestTargetID = 22DDDE0D304C354F00A461AF;
					};
					5A1C1A1E0000000000000004 = {
						CreatedOnToolsVersion = 26.6;
					};
					5A1C1A1E0000000000000023 = {
						CreatedOnToolsVersion = 26.6;
					};
				};
			};
			buildConfigurationList = 22DDDE09304C354F00A461AF /* Build configuration list for PBXProject "uncial" */;
			developmentRegion = en;
			hasScannedForEncodings = 0;
			knownRegions = (
				en,
				Base,
			);
			mainGroup = 22DDDE05304C354F00A461AF;
			minimizedProjectReferenceProxies = 1;
			packageReferences = (
				5A1C1A1E000000000000000B /* XCLocalSwiftPackageReference "Packages/UncialCore" */,
			);
			preferredProjectObjectVersion = 77;
			productRefGroup = 22DDDE0F304C354F00A461AF /* Products */;
			projectDirPath = "";
			projectRoot = "";
			targets = (
				22DDDE0D304C354F00A461AF /* uncial */,
				22DDDE1D304C355000A461AF /* uncialTests */,
				22DDDE27304C355000A461AF /* uncialUITests */,
				5A1C1A1E0000000000000004 /* UncialQuickLook */,
				5A1C1A1E0000000000000023 /* UncialThumbnail */,
			);
		};
/* End PBXProject section */

/* Begin PBXResourcesBuildPhase section */
		22DDDE0C304C354F00A461AF /* Resources */ = {
			isa = PBXResourcesBuildPhase;
			buildActionMask = 2147483647;
			files = (
			);
			runOnlyForDeploymentPostprocessing = 0;
		};
		22DDDE1C304C355000A461AF /* Resources */ = {
			isa = PBXResourcesBuildPhase;
			buildActionMask = 2147483647;
			files = (
			);
			runOnlyForDeploymentPostprocessing = 0;
		};
		22DDDE26304C355000A461AF /* Resources */ = {
			isa = PBXResourcesBuildPhase;
			buildActionMask = 2147483647;
			files = (
			);
			runOnlyForDeploymentPostprocessing = 0;
		};
		5A1C1A1E0000000000000008 /* Resources */ = {
			isa = PBXResourcesBuildPhase;
			buildActionMask = 2147483647;
			files = (
			);
			runOnlyForDeploymentPostprocessing = 0;
		};
		5A1C1A1E0000000000000027 /* Resources */ = {
			isa = PBXResourcesBuildPhase;
			buildActionMask = 2147483647;
			files = (
			);
			runOnlyForDeploymentPostprocessing = 0;
		};
/* End PBXResourcesBuildPhase section */

/* Begin PBXSourcesBuildPhase section */
		22DDDE0A304C354F00A461AF /* Sources */ = {
			isa = PBXSourcesBuildPhase;
			buildActionMask = 2147483647;
			files = (
			);
			runOnlyForDeploymentPostprocessing = 0;
		};
		22DDDE1A304C355000A461AF /* Sources */ = {
			isa = PBXSourcesBuildPhase;
			buildActionMask = 2147483647;
			files = (
			);
			runOnlyForDeploymentPostprocessing = 0;
		};
		22DDDE24304C355000A461AF /* Sources */ = {
			isa = PBXSourcesBuildPhase;
			buildActionMask = 2147483647;
			files = (
			);
			runOnlyForDeploymentPostprocessing = 0;
		};
		5A1C1A1E0000000000000006 /* Sources */ = {
			isa = PBXSourcesBuildPhase;
			buildActionMask = 2147483647;
			files = (
			);
			runOnlyForDeploymentPostprocessing = 0;
		};
		5A1C1A1E0000000000000025 /* Sources */ = {
			isa = PBXSourcesBuildPhase;
			buildActionMask = 2147483647;
			files = (
			);
			runOnlyForDeploymentPostprocessing = 0;
		};
/* End PBXSourcesBuildPhase section */

/* Begin PBXTargetDependency section */
		22DDDE20304C355000A461AF /* PBXTargetDependency */ = {
			isa = PBXTargetDependency;
			target = 22DDDE0D304C354F00A461AF /* uncial */;
			targetProxy = 22DDDE1F304C355000A461AF /* PBXContainerItemProxy */;
		};
		22DDDE2A304C355000A461AF /* PBXTargetDependency */ = {
			isa = PBXTargetDependency;
			target = 22DDDE0D304C354F00A461AF /* uncial */;
			targetProxy = 22DDDE29304C355000A461AF /* PBXContainerItemProxy */;
		};
		5A1C1A1E0000000000000011 /* PBXTargetDependency */ = {
			isa = PBXTargetDependency;
			target = 5A1C1A1E0000000000000004 /* UncialQuickLook */;
			targetProxy = 5A1C1A1E0000000000000010 /* PBXContainerItemProxy */;
		};
		5A1C1A1E000000000000002D /* PBXTargetDependency */ = {
			isa = PBXTargetDependency;
			target = 5A1C1A1E0000000000000023 /* UncialThumbnail */;
			targetProxy = 5A1C1A1E000000000000002C /* PBXContainerItemProxy */;
		};
/* End PBXTargetDependency section */

/* Begin XCBuildConfiguration section */
		22DDDE32304C355000A461AF /* Debug */ = {
			isa = XCBuildConfiguration;
			buildSettings = {
				ASSETCATALOG_COMPILER_APPICON_NAME = AppIcon;
				ASSETCATALOG_COMPILER_GLOBAL_ACCENT_COLOR_NAME = AccentColor;
				CODE_SIGN_ENTITLEMENTS = uncial/Uncial.entitlements;
				CODE_SIGN_STYLE = Automatic;
				COMBINE_HIDPI_IMAGES = YES;
				CURRENT_PROJECT_VERSION = 1;
				DEVELOPMENT_TEAM = XWTLHG45H7;
				ENABLE_APP_SANDBOX = NO;
				ENABLE_HARDENED_RUNTIME = YES;
				ENABLE_PREVIEWS = YES;
				ENABLE_USER_SELECTED_FILES = readonly;
				GENERATE_INFOPLIST_FILE = YES;
				INFOPLIST_FILE = uncial/Info.plist;
				INFOPLIST_KEY_LSApplicationCategoryType = "public.app-category.productivity";
				INFOPLIST_KEY_NSHumanReadableCopyright = "";
				LD_RUNPATH_SEARCH_PATHS = (
					"$(inherited)",
					"@executable_path/../Frameworks",
				);
				MARKETING_VERSION = 1.1.4;
				PRODUCT_BUNDLE_IDENTIFIER = com.maksimradaev.uncial;
				PRODUCT_NAME = Uncial;
				REGISTER_APP_GROUPS = YES;
				STRING_CATALOG_GENERATE_SYMBOLS = YES;
				SWIFT_APPROACHABLE_CONCURRENCY = YES;
				SWIFT_DEFAULT_ACTOR_ISOLATION = MainActor;
				SWIFT_EMIT_LOC_STRINGS = YES;
				SWIFT_UPCOMING_FEATURE_MEMBER_IMPORT_VISIBILITY = YES;
				SWIFT_VERSION = 5.0;
			};
			name = Debug;
		};
		22DDDE33304C355000A461AF /* Release */ = {
			isa = XCBuildConfiguration;
			buildSettings = {
				ASSETCATALOG_COMPILER_APPICON_NAME = AppIcon;
				ASSETCATALOG_COMPILER_GLOBAL_ACCENT_COLOR_NAME = AccentColor;
				CODE_SIGN_ENTITLEMENTS = uncial/Uncial.entitlements;
				CODE_SIGN_STYLE = Automatic;
				COMBINE_HIDPI_IMAGES = YES;
				CURRENT_PROJECT_VERSION = 1;
				DEVELOPMENT_TEAM = XWTLHG45H7;
				ENABLE_APP_SANDBOX = NO;
				ENABLE_HARDENED_RUNTIME = YES;
				ENABLE_PREVIEWS = YES;
				ENABLE_USER_SELECTED_FILES = readonly;
				GENERATE_INFOPLIST_FILE = YES;
				INFOPLIST_FILE = uncial/Info.plist;
				INFOPLIST_KEY_LSApplicationCategoryType = "public.app-category.productivity";
				INFOPLIST_KEY_NSHumanReadableCopyright = "";
				LD_RUNPATH_SEARCH_PATHS = (
					"$(inherited)",
					"@executable_path/../Frameworks",
				);
				MARKETING_VERSION = 1.1.4;
				PRODUCT_BUNDLE_IDENTIFIER = com.maksimradaev.uncial;
				PRODUCT_NAME = Uncial;
				REGISTER_APP_GROUPS = YES;
				STRING_CATALOG_GENERATE_SYMBOLS = YES;
				SWIFT_APPROACHABLE_CONCURRENCY = YES;
				SWIFT_DEFAULT_ACTOR_ISOLATION = MainActor;
				SWIFT_EMIT_LOC_STRINGS = YES;
				SWIFT_UPCOMING_FEATURE_MEMBER_IMPORT_VISIBILITY = YES;
				SWIFT_VERSION = 5.0;
			};
			name = Release;
		};
		22DDDE34304C355000A461AF /* Debug */ = {
			isa = XCBuildConfiguration;
			buildSettings = {
				ALWAYS_SEARCH_USER_PATHS = NO;
				ASSETCATALOG_COMPILER_GENERATE_SWIFT_ASSET_SYMBOL_EXTENSIONS = YES;
				CLANG_ANALYZER_NONNULL = YES;
				CLANG_ANALYZER_NUMBER_OBJECT_CONVERSION = YES_AGGRESSIVE;
				CLANG_CXX_LANGUAGE_STANDARD = "gnu++20";
				CLANG_ENABLE_MODULES = YES;
				CLANG_ENABLE_OBJC_ARC = YES;
				CLANG_ENABLE_OBJC_WEAK = YES;
				CLANG_WARN_BLOCK_CAPTURE_AUTORELEASING = YES;
				CLANG_WARN_BOOL_CONVERSION = YES;
				CLANG_WARN_COMMA = YES;
				CLANG_WARN_CONSTANT_CONVERSION = YES;
				CLANG_WARN_DEPRECATED_OBJC_IMPLEMENTATIONS = YES;
				CLANG_WARN_DIRECT_OBJC_ISA_USAGE = YES_ERROR;
				CLANG_WARN_DOCUMENTATION_COMMENTS = YES;
				CLANG_WARN_EMPTY_BODY = YES;
				CLANG_WARN_ENUM_CONVERSION = YES;
				CLANG_WARN_INFINITE_RECURSION = YES;
				CLANG_WARN_INT_CONVERSION = YES;
				CLANG_WARN_NON_LITERAL_NULL_CONVERSION = YES;
				CLANG_WARN_OBJC_IMPLICIT_RETAIN_SELF = YES;
				CLANG_WARN_OBJC_LITERAL_CONVERSION = YES;
				CLANG_WARN_OBJC_ROOT_CLASS = YES_ERROR;
				CLANG_WARN_QUOTED_INCLUDE_IN_FRAMEWORK_HEADER = YES;
				CLANG_WARN_RANGE_LOOP_ANALYSIS = YES;
				CLANG_WARN_STRICT_PROTOTYPES = YES;
				CLANG_WARN_SUSPICIOUS_MOVE = YES;
				CLANG_WARN_UNGUARDED_AVAILABILITY = YES_AGGRESSIVE;
				CLANG_WARN_UNREACHABLE_CODE = YES;
				CLANG_WARN__DUPLICATE_METHOD_MATCH = YES;
				COPY_PHASE_STRIP = NO;
				DEBUG_INFORMATION_FORMAT = dwarf;
				DEVELOPMENT_TEAM = XWTLHG45H7;
				ENABLE_STRICT_OBJC_MSGSEND = YES;
				ENABLE_TESTABILITY = YES;
				ENABLE_USER_SCRIPT_SANDBOXING = YES;
				GCC_C_LANGUAGE_STANDARD = gnu17;
				GCC_DYNAMIC_NO_PIC = NO;
				GCC_NO_COMMON_BLOCKS = YES;
				GCC_OPTIMIZATION_LEVEL = 0;
				GCC_PREPROCESSOR_DEFINITIONS = (
					"DEBUG=1",
					"$(inherited)",
				);
				GCC_WARN_64_TO_32_BIT_CONVERSION = YES;
				GCC_WARN_ABOUT_RETURN_TYPE = YES_ERROR;
				GCC_WARN_UNDECLARED_SELECTOR = YES;
				GCC_WARN_UNINITIALIZED_AUTOS = YES_AGGRESSIVE;
				GCC_WARN_UNUSED_FUNCTION = YES;
				GCC_WARN_UNUSED_VARIABLE = YES;
				LOCALIZATION_PREFERS_STRING_CATALOGS = YES;
				MACOSX_DEPLOYMENT_TARGET = 14.0;
				MTL_ENABLE_DEBUG_INFO = INCLUDE_SOURCE;
				MTL_FAST_MATH = YES;
				ONLY_ACTIVE_ARCH = YES;
				SDKROOT = macosx;
				SWIFT_ACTIVE_COMPILATION_CONDITIONS = "DEBUG $(inherited)";
				SWIFT_OPTIMIZATION_LEVEL = "-Onone";
			};
			name = Debug;
		};
		22DDDE35304C355000A461AF /* Release */ = {
			isa = XCBuildConfiguration;
			buildSettings = {
				ALWAYS_SEARCH_USER_PATHS = NO;
				ASSETCATALOG_COMPILER_GENERATE_SWIFT_ASSET_SYMBOL_EXTENSIONS = YES;
				CLANG_ANALYZER_NONNULL = YES;
				CLANG_ANALYZER_NUMBER_OBJECT_CONVERSION = YES_AGGRESSIVE;
				CLANG_CXX_LANGUAGE_STANDARD = "gnu++20";
				CLANG_ENABLE_MODULES = YES;
				CLANG_ENABLE_OBJC_ARC = YES;
				CLANG_ENABLE_OBJC_WEAK = YES;
				CLANG_WARN_BLOCK_CAPTURE_AUTORELEASING = YES;
				CLANG_WARN_BOOL_CONVERSION = YES;
				CLANG_WARN_COMMA = YES;
				CLANG_WARN_CONSTANT_CONVERSION = YES;
				CLANG_WARN_DEPRECATED_OBJC_IMPLEMENTATIONS = YES;
				CLANG_WARN_DIRECT_OBJC_ISA_USAGE = YES_ERROR;
				CLANG_WARN_DOCUMENTATION_COMMENTS = YES;
				CLANG_WARN_EMPTY_BODY = YES;
				CLANG_WARN_ENUM_CONVERSION = YES;
				CLANG_WARN_INFINITE_RECURSION = YES;
				CLANG_WARN_INT_CONVERSION = YES;
				CLANG_WARN_NON_LITERAL_NULL_CONVERSION = YES;
				CLANG_WARN_OBJC_IMPLICIT_RETAIN_SELF = YES;
				CLANG_WARN_OBJC_LITERAL_CONVERSION = YES;
				CLANG_WARN_OBJC_ROOT_CLASS = YES_ERROR;
				CLANG_WARN_QUOTED_INCLUDE_IN_FRAMEWORK_HEADER = YES;
				CLANG_WARN_RANGE_LOOP_ANALYSIS = YES;
				CLANG_WARN_STRICT_PROTOTYPES = YES;
				CLANG_WARN_SUSPICIOUS_MOVE = YES;
				CLANG_WARN_UNGUARDED_AVAILABILITY = YES_AGGRESSIVE;
				CLANG_WARN_UNREACHABLE_CODE = YES;
				CLANG_WARN__DUPLICATE_METHOD_MATCH = YES;
				CODE_SIGN_INJECT_BASE_ENTITLEMENTS = NO;
				COPY_PHASE_STRIP = NO;
				DEBUG_INFORMATION_FORMAT = "dwarf-with-dsym";
				DEVELOPMENT_TEAM = XWTLHG45H7;
				ENABLE_NS_ASSERTIONS = NO;
				ENABLE_STRICT_OBJC_MSGSEND = YES;
				ENABLE_USER_SCRIPT_SANDBOXING = YES;
				GCC_C_LANGUAGE_STANDARD = gnu17;
				GCC_NO_COMMON_BLOCKS = YES;
				GCC_WARN_64_TO_32_BIT_CONVERSION = YES;
				GCC_WARN_ABOUT_RETURN_TYPE = YES_ERROR;
				GCC_WARN_UNDECLARED_SELECTOR = YES;
				GCC_WARN_UNINITIALIZED_AUTOS = YES_AGGRESSIVE;
				GCC_WARN_UNUSED_FUNCTION = YES;
				GCC_WARN_UNUSED_VARIABLE = YES;
				LOCALIZATION_PREFERS_STRING_CATALOGS = YES;
				MACOSX_DEPLOYMENT_TARGET = 14.0;
				MTL_ENABLE_DEBUG_INFO = NO;
				MTL_FAST_MATH = YES;
				SDKROOT = macosx;
				SWIFT_COMPILATION_MODE = wholemodule;
			};
			name = Release;
		};
		22DDDE37304C355000A461AF /* Debug */ = {
			isa = XCBuildConfiguration;
			buildSettings = {
				BUNDLE_LOADER = "$(TEST_HOST)";
				CODE_SIGN_STYLE = Automatic;
				CURRENT_PROJECT_VERSION = 1;
				DEVELOPMENT_TEAM = XWTLHG45H7;
				GENERATE_INFOPLIST_FILE = YES;
				MACOSX_DEPLOYMENT_TARGET = 14.0;
				MARKETING_VERSION = 1.1.4;
				PRODUCT_BUNDLE_IDENTIFIER = com.maksimradaev.uncialTests;
				PRODUCT_NAME = "$(TARGET_NAME)";
				STRING_CATALOG_GENERATE_SYMBOLS = NO;
				SWIFT_APPROACHABLE_CONCURRENCY = YES;
				SWIFT_EMIT_LOC_STRINGS = NO;
				SWIFT_UPCOMING_FEATURE_MEMBER_IMPORT_VISIBILITY = YES;
				SWIFT_VERSION = 5.0;
				TEST_HOST = "$(BUILT_PRODUCTS_DIR)/Uncial.app/$(BUNDLE_EXECUTABLE_FOLDER_PATH)/Uncial";
			};
			name = Debug;
		};
		22DDDE38304C355000A461AF /* Release */ = {
			isa = XCBuildConfiguration;
			buildSettings = {
				BUNDLE_LOADER = "$(TEST_HOST)";
				CODE_SIGN_STYLE = Automatic;
				CURRENT_PROJECT_VERSION = 1;
				DEVELOPMENT_TEAM = XWTLHG45H7;
				GENERATE_INFOPLIST_FILE = YES;
				MACOSX_DEPLOYMENT_TARGET = 14.0;
				MARKETING_VERSION = 1.1.4;
				PRODUCT_BUNDLE_IDENTIFIER = com.maksimradaev.uncialTests;
				PRODUCT_NAME = "$(TARGET_NAME)";
				STRING_CATALOG_GENERATE_SYMBOLS = NO;
				SWIFT_APPROACHABLE_CONCURRENCY = YES;
				SWIFT_EMIT_LOC_STRINGS = NO;
				SWIFT_UPCOMING_FEATURE_MEMBER_IMPORT_VISIBILITY = YES;
				SWIFT_VERSION = 5.0;
				TEST_HOST = "$(BUILT_PRODUCTS_DIR)/Uncial.app/$(BUNDLE_EXECUTABLE_FOLDER_PATH)/Uncial";
			};
			name = Release;
		};
		22DDDE3A304C355000A461AF /* Debug */ = {
			isa = XCBuildConfiguration;
			buildSettings = {
				CODE_SIGN_STYLE = Automatic;
				CURRENT_PROJECT_VERSION = 1;
				DEVELOPMENT_TEAM = XWTLHG45H7;
				GENERATE_INFOPLIST_FILE = YES;
				MARKETING_VERSION = 1.1.4;
				PRODUCT_BUNDLE_IDENTIFIER = com.maksimradaev.uncialUITests;
				PRODUCT_NAME = "$(TARGET_NAME)";
				STRING_CATALOG_GENERATE_SYMBOLS = NO;
				SWIFT_APPROACHABLE_CONCURRENCY = YES;
				SWIFT_EMIT_LOC_STRINGS = NO;
				SWIFT_UPCOMING_FEATURE_MEMBER_IMPORT_VISIBILITY = YES;
				SWIFT_VERSION = 5.0;
				TEST_TARGET_NAME = uncial;
			};
			name = Debug;
		};
		22DDDE3B304C355000A461AF /* Release */ = {
			isa = XCBuildConfiguration;
			buildSettings = {
				CODE_SIGN_STYLE = Automatic;
				CURRENT_PROJECT_VERSION = 1;
				DEVELOPMENT_TEAM = XWTLHG45H7;
				GENERATE_INFOPLIST_FILE = YES;
				MARKETING_VERSION = 1.1.4;
				PRODUCT_BUNDLE_IDENTIFIER = com.maksimradaev.uncialUITests;
				PRODUCT_NAME = "$(TARGET_NAME)";
				STRING_CATALOG_GENERATE_SYMBOLS = NO;
				SWIFT_APPROACHABLE_CONCURRENCY = YES;
				SWIFT_EMIT_LOC_STRINGS = NO;
				SWIFT_UPCOMING_FEATURE_MEMBER_IMPORT_VISIBILITY = YES;
				SWIFT_VERSION = 5.0;
				TEST_TARGET_NAME = uncial;
			};
			name = Release;
		};
		5A1C1A1E0000000000000009 /* Debug */ = {
			isa = XCBuildConfiguration;
			buildSettings = {
				CODE_SIGN_ENTITLEMENTS = UncialQuickLook/UncialQuickLook.entitlements;
				CODE_SIGN_STYLE = Automatic;
				CURRENT_PROJECT_VERSION = 1;
				DEVELOPMENT_TEAM = XWTLHG45H7;
				ENABLE_APP_SANDBOX = YES;
				ENABLE_HARDENED_RUNTIME = YES;
				ENABLE_USER_SELECTED_FILES = readonly;
				GENERATE_INFOPLIST_FILE = YES;
				INFOPLIST_FILE = UncialQuickLook/Info.plist;
				INFOPLIST_KEY_CFBundleDisplayName = "Uncial Quick Look";
				INFOPLIST_KEY_NSHumanReadableCopyright = "";
				LD_RUNPATH_SEARCH_PATHS = (
					"$(inherited)",
					"@executable_path/../Frameworks",
					"@executable_path/../../../../Frameworks",
				);
				MARKETING_VERSION = 1.1.4;
				PRODUCT_BUNDLE_IDENTIFIER = com.maksimradaev.uncial.QuickLook;
				PRODUCT_NAME = "$(TARGET_NAME)";
				SKIP_INSTALL = YES;
				SWIFT_APPROACHABLE_CONCURRENCY = YES;
				SWIFT_EMIT_LOC_STRINGS = YES;
				SWIFT_UPCOMING_FEATURE_MEMBER_IMPORT_VISIBILITY = YES;
				SWIFT_VERSION = 5.0;
			};
			name = Debug;
		};
		5A1C1A1E000000000000000A /* Release */ = {
			isa = XCBuildConfiguration;
			buildSettings = {
				CODE_SIGN_ENTITLEMENTS = UncialQuickLook/UncialQuickLook.entitlements;
				CODE_SIGN_STYLE = Automatic;
				CURRENT_PROJECT_VERSION = 1;
				DEVELOPMENT_TEAM = XWTLHG45H7;
				ENABLE_APP_SANDBOX = YES;
				ENABLE_HARDENED_RUNTIME = YES;
				ENABLE_USER_SELECTED_FILES = readonly;
				GENERATE_INFOPLIST_FILE = YES;
				INFOPLIST_FILE = UncialQuickLook/Info.plist;
				INFOPLIST_KEY_CFBundleDisplayName = "Uncial Quick Look";
				INFOPLIST_KEY_NSHumanReadableCopyright = "";
				LD_RUNPATH_SEARCH_PATHS = (
					"$(inherited)",
					"@executable_path/../Frameworks",
					"@executable_path/../../../../Frameworks",
				);
				MARKETING_VERSION = 1.1.4;
				PRODUCT_BUNDLE_IDENTIFIER = com.maksimradaev.uncial.QuickLook;
				PRODUCT_NAME = "$(TARGET_NAME)";
				SKIP_INSTALL = YES;
				SWIFT_APPROACHABLE_CONCURRENCY = YES;
				SWIFT_EMIT_LOC_STRINGS = YES;
				SWIFT_UPCOMING_FEATURE_MEMBER_IMPORT_VISIBILITY = YES;
				SWIFT_VERSION = 5.0;
			};
			name = Release;
		};
		5A1C1A1E0000000000000028 /* Debug */ = {
			isa = XCBuildConfiguration;
			buildSettings = {
				CODE_SIGN_ENTITLEMENTS = UncialThumbnail/UncialThumbnail.entitlements;
				CODE_SIGN_STYLE = Automatic;
				CURRENT_PROJECT_VERSION = 1;
				DEVELOPMENT_TEAM = XWTLHG45H7;
				ENABLE_APP_SANDBOX = YES;
				ENABLE_HARDENED_RUNTIME = YES;
				ENABLE_USER_SELECTED_FILES = readonly;
				GENERATE_INFOPLIST_FILE = YES;
				INFOPLIST_FILE = UncialThumbnail/Info.plist;
				INFOPLIST_KEY_CFBundleDisplayName = "Uncial Thumbnails";
				INFOPLIST_KEY_NSHumanReadableCopyright = "";
				LD_RUNPATH_SEARCH_PATHS = (
					"$(inherited)",
					"@executable_path/../Frameworks",
					"@executable_path/../../../../Frameworks",
				);
				MARKETING_VERSION = 1.1.4;
				PRODUCT_BUNDLE_IDENTIFIER = com.maksimradaev.uncial.Thumbnail;
				PRODUCT_NAME = "$(TARGET_NAME)";
				SKIP_INSTALL = YES;
				SWIFT_APPROACHABLE_CONCURRENCY = YES;
				SWIFT_EMIT_LOC_STRINGS = YES;
				SWIFT_UPCOMING_FEATURE_MEMBER_IMPORT_VISIBILITY = YES;
				SWIFT_VERSION = 5.0;
			};
			name = Debug;
		};
		5A1C1A1E0000000000000029 /* Release */ = {
			isa = XCBuildConfiguration;
			buildSettings = {
				CODE_SIGN_ENTITLEMENTS = UncialThumbnail/UncialThumbnail.entitlements;
				CODE_SIGN_STYLE = Automatic;
				CURRENT_PROJECT_VERSION = 1;
				DEVELOPMENT_TEAM = XWTLHG45H7;
				ENABLE_APP_SANDBOX = YES;
				ENABLE_HARDENED_RUNTIME = YES;
				ENABLE_USER_SELECTED_FILES = readonly;
				GENERATE_INFOPLIST_FILE = YES;
				INFOPLIST_FILE = UncialThumbnail/Info.plist;
				INFOPLIST_KEY_CFBundleDisplayName = "Uncial Thumbnails";
				INFOPLIST_KEY_NSHumanReadableCopyright = "";
				LD_RUNPATH_SEARCH_PATHS = (
					"$(inherited)",
					"@executable_path/../Frameworks",
					"@executable_path/../../../../Frameworks",
				);
				MARKETING_VERSION = 1.1.4;
				PRODUCT_BUNDLE_IDENTIFIER = com.maksimradaev.uncial.Thumbnail;
				PRODUCT_NAME = "$(TARGET_NAME)";
				SKIP_INSTALL = YES;
				SWIFT_APPROACHABLE_CONCURRENCY = YES;
				SWIFT_EMIT_LOC_STRINGS = YES;
				SWIFT_UPCOMING_FEATURE_MEMBER_IMPORT_VISIBILITY = YES;
				SWIFT_VERSION = 5.0;
			};
			name = Release;
		};
/* End XCBuildConfiguration section */

/* Begin XCConfigurationList section */
		22DDDE09304C354F00A461AF /* Build configuration list for PBXProject "uncial" */ = {
			isa = XCConfigurationList;
			buildConfigurations = (
				22DDDE34304C355000A461AF /* Debug */,
				22DDDE35304C355000A461AF /* Release */,
			);
			defaultConfigurationIsVisible = 0;
			defaultConfigurationName = Release;
		};
		22DDDE31304C355000A461AF /* Build configuration list for PBXNativeTarget "uncial" */ = {
			isa = XCConfigurationList;
			buildConfigurations = (
				22DDDE32304C355000A461AF /* Debug */,
				22DDDE33304C355000A461AF /* Release */,
			);
			defaultConfigurationIsVisible = 0;
			defaultConfigurationName = Release;
		};
		22DDDE36304C355000A461AF /* Build configuration list for PBXNativeTarget "uncialTests" */ = {
			isa = XCConfigurationList;
			buildConfigurations = (
				22DDDE37304C355000A461AF /* Debug */,
				22DDDE38304C355000A461AF /* Release */,
			);
			defaultConfigurationIsVisible = 0;
			defaultConfigurationName = Release;
		};
		22DDDE39304C355000A461AF /* Build configuration list for PBXNativeTarget "uncialUITests" */ = {
			isa = XCConfigurationList;
			buildConfigurations = (
				22DDDE3A304C355000A461AF /* Debug */,
				22DDDE3B304C355000A461AF /* Release */,
			);
			defaultConfigurationIsVisible = 0;
			defaultConfigurationName = Release;
		};
		5A1C1A1E0000000000000005 /* Build configuration list for PBXNativeTarget "UncialQuickLook" */ = {
			isa = XCConfigurationList;
			buildConfigurations = (
				5A1C1A1E0000000000000009 /* Debug */,
				5A1C1A1E000000000000000A /* Release */,
			);
			defaultConfigurationIsVisible = 0;
			defaultConfigurationName = Release;
		};
		5A1C1A1E0000000000000024 /* Build configuration list for PBXNativeTarget "UncialThumbnail" */ = {
			isa = XCConfigurationList;
			buildConfigurations = (
				5A1C1A1E0000000000000028 /* Debug */,
				5A1C1A1E0000000000000029 /* Release */,
			);
			defaultConfigurationIsVisible = 0;
			defaultConfigurationName = Release;
		};
/* End XCConfigurationList section */

/* Begin XCLocalSwiftPackageReference section */
		5A1C1A1E000000000000000B /* XCLocalSwiftPackageReference "Packages/UncialCore" */ = {
			isa = XCLocalSwiftPackageReference;
			relativePath = Packages/UncialCore;
		};
/* End XCLocalSwiftPackageReference section */

/* Begin XCSwiftPackageProductDependency section */
		5A1C1A1E000000000000000C /* UncialCore */ = {
			isa = XCSwiftPackageProductDependency;
			productName = UncialCore;
		};
		5A1C1A1E000000000000000D /* UncialCore */ = {
			isa = XCSwiftPackageProductDependency;
			productName = UncialCore;
		};
		5A1C1A1E000000000000002A /* UncialCore */ = {
			isa = XCSwiftPackageProductDependency;
			productName = UncialCore;
		};
/* End XCSwiftPackageProductDependency section */
	};
	rootObject = 22DDDE06304C354F00A461AF /* Project object */;
}
