{
  "originHash" : "e32af0f5f477dc144cb666fd00a2ae6fa304a85b1203bfa8828ab2c505ffdada",
  "pins" : [
    {
      "identity" : "swift-cmark",
      "kind" : "remoteSourceControl",
      "location" : "https://github.com/swiftlang/swift-cmark.git",
      "state" : {
        "branch" : "gfm",
        "revision" : "7898f1b3e4befeecee56cb4a3bc8eebd2cb63219"
      }
    }
  ],
  "version" : 3
}
